
Microsoft Visual Studio Solution File, Format Version 12.00
# Visual Studio Version 17
VisualStudioVersion = 17.8.34511.84
MinimumVisualStudioVersion = 10.0.40219.1
Project("{FAE04EC0-301F-11D3-BF4B-00C04F79EFBC}") = "RoutingWithoutMVC", "RoutingWithoutMVC\RoutingWithoutMVC.csproj", "{BBDD9404-9FE3-433F-A02B-0466F5B118D9}"
EndProject
Global
	GlobalSection(SolutionConfigurationPlatforms) = preSolution
		Debug|Any CPU = Debug|Any CPU
		Release|Any CPU = Release|Any CPU
	EndGlobalSection
	GlobalSection(ProjectConfigurationPlatforms) = postSolution
		{BBDD9404-9FE3-433F-A02B-0466F5B118D9}.Debug|Any CPU.ActiveCfg = Debug|Any CPU
		{BBDD9404-9FE3-433F-A02B-0466F5B118D9}.Debug|Any CPU.Build.0 = Debug|Any CPU
		{BBDD9404-9FE3-433F-A02B-0466F5B118D9}.Release|Any CPU.ActiveCfg = Release|Any CPU
		{BBDD9404-9FE3-433F-A02B-0466F5B118D9}.Release|Any CPU.Build.0 = Release|Any CPU
	EndGlobalSection
	GlobalSection(SolutionProperties) = preSolution
		HideSolutionNode = FALSE
	EndGlobalSection
	GlobalSection(ExtensibilityGlobals) = postSolution
		SolutionGuid = {8CC9C575-BD5D-4B8A-B0DB-C701595CF81F}
	EndGlobalSection
EndGlobal
